
Microsoft Visual Studio Solution File, Format Version 12.00
# Visual Studio 14
VisualStudioVersion = 14.0.25420.1
MinimumVisualStudioVersion = 10.0.40219.1
Project("{FAE04EC0-301F-11D3-BF4B-00C04F79EFBC}") = "CargoTrack.Api", "CargoTrack.Api\CargoTrack.Api.csproj", "{EE33CC9E-2D3C-45C5-8A4F-8BC0BA29511B}"
EndProject
Global
	GlobalSection(SolutionConfigurationPlatforms) = preSolution
		Debug|Any CPU = Debug|Any CPU
		Release|Any CPU = Release|Any CPU
	EndGlobalSection
	GlobalSection(ProjectConfigurationPlatforms) = postSolution
		{EE33CC9E-2D3C-45C5-8A4F-8BC0BA29511B}.Debug|Any CPU.ActiveCfg = Debug|Any CPU
		{EE33CC9E-2D3C-45C5-8A4F-8BC0BA29511B}.Debug|Any CPU.Build.0 = Debug|Any CPU
		{EE33CC9E-2D3C-45C5-8A4F-8BC0BA29511B}.Release|Any CPU.ActiveCfg = Release|Any CPU
		{EE33CC9E-2D3C-45C5-8A4F-8BC0BA29511B}.Release|Any CPU.Build.0 = Release|Any CPU
	EndGlobalSection
	GlobalSection(SolutionProperties) = preSolution
		HideSolutionNode = FALSE
	EndGlobalSection
EndGlobal
