
Microsoft Visual Studio Solution File, Format Version 12.00
# Visual Studio 14
VisualStudioVersion = 14.0.25420.1
MinimumVisualStudioVersion = 10.0.40219.1
Project("{2150E333-8FDC-42A3-9474-1A3956D46DE8}") = "Integration", "Integration", "{F44D59C7-5D03-4E53-8D12-8932EE0EAE61}"
	ProjectSection(SolutionItems) = preProject
		Graph2.dgml = Graph2.dgml
	EndProjectSection
EndProject
Project("{FAE04EC0-301F-11D3-BF4B-00C04F79EFBC}") = "CargoTrack.Api", "CargoTrack.Api\CargoTrack.Api.csproj", "{EE33CC9E-2D3C-45C5-8A4F-8BC0BA29511B}"
EndProject
Project("{2150E333-8FDC-42A3-9474-1A3956D46DE8}") = "Presentation", "Presentation", "{2842A945-3A5C-4694-ABE1-ECB4D4418B4F}"
EndProject
Project("{2150E333-8FDC-42A3-9474-1A3956D46DE8}") = "Services", "Services", "{D763714C-9DC5-450D-AC9D-C11393960748}"
EndProject
Project("{2150E333-8FDC-42A3-9474-1A3956D46DE8}") = "Utilities", "Utilities", "{ECC3E6A4-4F03-42ED-95FF-A06716D02BF8}"
EndProject
Project("{2150E333-8FDC-42A3-9474-1A3956D46DE8}") = "CargoService", "CargoService", "{699622D2-C427-4EEA-86DE-32A6B652C697}"
EndProject
Project("{FAE04EC0-301F-11D3-BF4B-00C04F79EFBC}") = "CargoTrack.CargoService", "CargoTrack.CargoService\CargoTrack.CargoService.csproj", "{16663DB9-5667-43C9-ACF3-0A0A369C8A08}"
EndProject
Project("{FAE04EC0-301F-11D3-BF4B-00C04F79EFBC}") = "CargoTrack.CargoService.Contracts", "CargoTrack.CargoService.Contracts\CargoTrack.CargoService.Contracts.csproj", "{3190852C-0428-4415-9A4A-88E5FBB071CC}"
EndProject
Project("{FAE04EC0-301F-11D3-BF4B-00C04F79EFBC}") = "CargoTrack.CargoService.Data", "CargoTrack.CargoService.Data\CargoTrack.CargoService.Data.csproj", "{8FAAD846-0583-4B57-B1A1-DB32F90D3571}"
EndProject
Project("{FAE04EC0-301F-11D3-BF4B-00C04F79EFBC}") = "CargoTrack.CargoService.Tests", "CargoTrack.CargoService.Tests\CargoTrack.CargoService.Tests.csproj", "{A180E659-40DE-4C9F-B850-0F9B01F69E23}"
EndProject
Project("{2150E333-8FDC-42A3-9474-1A3956D46DE8}") = "TransactionService", "TransactionService", "{6FC3A6CC-8A5E-41DB-8534-2C8AE2AD9C42}"
EndProject
Project("{FAE04EC0-301F-11D3-BF4B-00C04F79EFBC}") = "CargoTrack.TransactionService", "CargoTrack.TransactionService\CargoTrack.TransactionService.csproj", "{C85184D4-AD20-4C3A-B8C0-772DB14F08A3}"
EndProject
Project("{FAE04EC0-301F-11D3-BF4B-00C04F79EFBC}") = "CargoTrack.TransactionService.Contracts", "CargoTrack.TransactionService.Contracts\CargoTrack.TransactionService.Contracts.csproj", "{643FF767-1844-4253-85DE-C2C5FACE19B8}"
EndProject
Project("{FAE04EC0-301F-11D3-BF4B-00C04F79EFBC}") = "CargoTrack.TransactionService.Tests", "CargoTrack.TransactionService.Tests\CargoTrack.TransactionService.Tests.csproj", "{5943D5A6-96D4-4CE9-A923-64673070CF86}"
EndProject
Project("{2150E333-8FDC-42A3-9474-1A3956D46DE8}") = "OrganizationService", "OrganizationService", "{444F128D-F313-4C56-A4A4-07383347BC1B}"
EndProject
Project("{2150E333-8FDC-42A3-9474-1A3956D46DE8}") = "OrderService", "OrderService", "{90F31CB7-7724-4BD6-BF98-119FD797CDDE}"
EndProject
Project("{FAE04EC0-301F-11D3-BF4B-00C04F79EFBC}") = "CargoTrack.OrderService", "CargoTrack.OrderService\CargoTrack.OrderService.csproj", "{69231EB5-9D0D-45DC-8C5E-9BA0B6F8AE9D}"
EndProject
Project("{FAE04EC0-301F-11D3-BF4B-00C04F79EFBC}") = "CargoTrack.OrderService.Contracts", "CargoTrack.OrderService.Contracts\CargoTrack.OrderService.Contracts.csproj", "{1BE149D9-E9AE-410A-BA12-E70C53DF244C}"
EndProject
Project("{FAE04EC0-301F-11D3-BF4B-00C04F79EFBC}") = "CargoTrack.OrderService.Data", "CargoTrack.OrderService.Data\CargoTrack.OrderService.Data.csproj", "{37CEFDF9-F577-4BE3-877C-FB7FB85F8B95}"
EndProject
Project("{FAE04EC0-301F-11D3-BF4B-00C04F79EFBC}") = "CargoTrack.OrderService.Tests", "CargoTrack.OrderService.Tests\CargoTrack.OrderService.Tests.csproj", "{73AA8575-ADDA-4FFC-87A2-D75384AE89CD}"
EndProject
Project("{FAE04EC0-301F-11D3-BF4B-00C04F79EFBC}") = "CargoTrack.OrganizationService", "CargoTrack.OrganizationService\CargoTrack.OrganizationService.csproj", "{ED118446-CE29-471C-8602-B47665188BC8}"
EndProject
Project("{FAE04EC0-301F-11D3-BF4B-00C04F79EFBC}") = "CargoTrack.OrganizationService.Contracts", "CargoTrack.OrganizationService.Contracts\CargoTrack.OrganizationService.Contracts.csproj", "{98111882-D790-4897-A054-1E6775C93BCF}"
EndProject
Project("{FAE04EC0-301F-11D3-BF4B-00C04F79EFBC}") = "CargoTrack.OrganizationService.Data", "CargoTrack.OrganizationService.Data\CargoTrack.OrganizationService.Data.csproj", "{3D41AA63-3706-4553-9E5A-A91D3A6098B8}"
EndProject
Project("{FAE04EC0-301F-11D3-BF4B-00C04F79EFBC}") = "CargoTrack.OrganizationService.Tests", "CargoTrack.OrganizationService.Tests\CargoTrack.OrganizationService.Tests.csproj", "{4AF781A5-E06E-49CF-ACF1-E1A7D26DC3DC}"
EndProject
Project("{FAE04EC0-301F-11D3-BF4B-00C04F79EFBC}") = "CargoTrack.Website", "CargoTrack.Website\CargoTrack.Website.csproj", "{2E49C2B9-C48F-4F53-8A9C-6BD1C1D1A3BC}"
EndProject
Project("{FAE04EC0-301F-11D3-BF4B-00C04F79EFBC}") = "CargoTrack.Utilities.TestsUtils", "CargoTrack.Utilities.TestsUtils\CargoTrack.Utilities.TestsUtils.csproj", "{9DA8E50C-57DC-4550-8045-249493988212}"
EndProject
Project("{FAE04EC0-301F-11D3-BF4B-00C04F79EFBC}") = "CargoTrack.Common", "CargoTrack.Common\CargoTrack.Common.csproj", "{4F4401C4-4B06-4350-B2B4-D5C57C83A044}"
EndProject
Project("{FAE04EC0-301F-11D3-BF4B-00C04F79EFBC}") = "CargoTrack.TransactionService.CQRS", "CargoTrack.TransactionService.CQRS\CargoTrack.TransactionService.CQRS.csproj", "{3927757F-8E63-484A-9BBE-4B45E150ED55}"
EndProject
Project("{FAE04EC0-301F-11D3-BF4B-00C04F79EFBC}") = "CargoTrack.TransactionService.CQRS.Write", "CargoTrack.TransactionService.CQRS.Write\CargoTrack.TransactionService.CQRS.Write.csproj", "{3FCDB4BC-6B8E-4DB5-B358-D1302024A559}"
EndProject
Project("{FAE04EC0-301F-11D3-BF4B-00C04F79EFBC}") = "CargoTrack.TransactionService.CQRS.Read", "CargoTrack.TransactionService.CQRS.Read\CargoTrack.TransactionService.CQRS.Read.csproj", "{11B5B27F-D314-4CD9-B550-2BE25C13AA78}"
EndProject
Project("{2150E333-8FDC-42A3-9474-1A3956D46DE8}") = "Solution Items", "Solution Items", "{2242A831-725B-4A91-851A-993AE4E43716}"
	ProjectSection(SolutionItems) = preProject
		Graph1.dgml = Graph1.dgml
	EndProjectSection
EndProject
Global
	GlobalSection(SolutionConfigurationPlatforms) = preSolution
		Debug|Any CPU = Debug|Any CPU
		Release|Any CPU = Release|Any CPU
	EndGlobalSection
	GlobalSection(ProjectConfigurationPlatforms) = postSolution
		{EE33CC9E-2D3C-45C5-8A4F-8BC0BA29511B}.Debug|Any CPU.ActiveCfg = Debug|Any CPU
		{EE33CC9E-2D3C-45C5-8A4F-8BC0BA29511B}.Debug|Any CPU.Build.0 = Debug|Any CPU
		{EE33CC9E-2D3C-45C5-8A4F-8BC0BA29511B}.Release|Any CPU.ActiveCfg = Release|Any CPU
		{EE33CC9E-2D3C-45C5-8A4F-8BC0BA29511B}.Release|Any CPU.Build.0 = Release|Any CPU
		{16663DB9-5667-43C9-ACF3-0A0A369C8A08}.Debug|Any CPU.ActiveCfg = Debug|Any CPU
		{16663DB9-5667-43C9-ACF3-0A0A369C8A08}.Debug|Any CPU.Build.0 = Debug|Any CPU
		{16663DB9-5667-43C9-ACF3-0A0A369C8A08}.Release|Any CPU.ActiveCfg = Release|Any CPU
		{16663DB9-5667-43C9-ACF3-0A0A369C8A08}.Release|Any CPU.Build.0 = Release|Any CPU
		{3190852C-0428-4415-9A4A-88E5FBB071CC}.Debug|Any CPU.ActiveCfg = Debug|Any CPU
		{3190852C-0428-4415-9A4A-88E5FBB071CC}.Debug|Any CPU.Build.0 = Debug|Any CPU
		{3190852C-0428-4415-9A4A-88E5FBB071CC}.Release|Any CPU.ActiveCfg = Release|Any CPU
		{3190852C-0428-4415-9A4A-88E5FBB071CC}.Release|Any CPU.Build.0 = Release|Any CPU
		{8FAAD846-0583-4B57-B1A1-DB32F90D3571}.Debug|Any CPU.ActiveCfg = Debug|Any CPU
		{8FAAD846-0583-4B57-B1A1-DB32F90D3571}.Debug|Any CPU.Build.0 = Debug|Any CPU
		{8FAAD846-0583-4B57-B1A1-DB32F90D3571}.Release|Any CPU.ActiveCfg = Release|Any CPU
		{8FAAD846-0583-4B57-B1A1-DB32F90D3571}.Release|Any CPU.Build.0 = Release|Any CPU
		{A180E659-40DE-4C9F-B850-0F9B01F69E23}.Debug|Any CPU.ActiveCfg = Debug|Any CPU
		{A180E659-40DE-4C9F-B850-0F9B01F69E23}.Debug|Any CPU.Build.0 = Debug|Any CPU
		{A180E659-40DE-4C9F-B850-0F9B01F69E23}.Release|Any CPU.ActiveCfg = Release|Any CPU
		{A180E659-40DE-4C9F-B850-0F9B01F69E23}.Release|Any CPU.Build.0 = Release|Any CPU
		{C85184D4-AD20-4C3A-B8C0-772DB14F08A3}.Debug|Any CPU.ActiveCfg = Debug|Any CPU
		{C85184D4-AD20-4C3A-B8C0-772DB14F08A3}.Debug|Any CPU.Build.0 = Debug|Any CPU
		{C85184D4-AD20-4C3A-B8C0-772DB14F08A3}.Release|Any CPU.ActiveCfg = Release|Any CPU
		{C85184D4-AD20-4C3A-B8C0-772DB14F08A3}.Release|Any CPU.Build.0 = Release|Any CPU
		{643FF767-1844-4253-85DE-C2C5FACE19B8}.Debug|Any CPU.ActiveCfg = Debug|Any CPU
		{643FF767-1844-4253-85DE-C2C5FACE19B8}.Debug|Any CPU.Build.0 = Debug|Any CPU
		{643FF767-1844-4253-85DE-C2C5FACE19B8}.Release|Any CPU.ActiveCfg = Release|Any CPU
		{643FF767-1844-4253-85DE-C2C5FACE19B8}.Release|Any CPU.Build.0 = Release|Any CPU
		{5943D5A6-96D4-4CE9-A923-64673070CF86}.Debug|Any CPU.ActiveCfg = Debug|Any CPU
		{5943D5A6-96D4-4CE9-A923-64673070CF86}.Debug|Any CPU.Build.0 = Debug|Any CPU
		{5943D5A6-96D4-4CE9-A923-64673070CF86}.Release|Any CPU.ActiveCfg = Release|Any CPU
		{5943D5A6-96D4-4CE9-A923-64673070CF86}.Release|Any CPU.Build.0 = Release|Any CPU
		{69231EB5-9D0D-45DC-8C5E-9BA0B6F8AE9D}.Debug|Any CPU.ActiveCfg = Debug|Any CPU
		{69231EB5-9D0D-45DC-8C5E-9BA0B6F8AE9D}.Debug|Any CPU.Build.0 = Debug|Any CPU
		{69231EB5-9D0D-45DC-8C5E-9BA0B6F8AE9D}.Release|Any CPU.ActiveCfg = Release|Any CPU
		{69231EB5-9D0D-45DC-8C5E-9BA0B6F8AE9D}.Release|Any CPU.Build.0 = Release|Any CPU
		{1BE149D9-E9AE-410A-BA12-E70C53DF244C}.Debug|Any CPU.ActiveCfg = Debug|Any CPU
		{1BE149D9-E9AE-410A-BA12-E70C53DF244C}.Debug|Any CPU.Build.0 = Debug|Any CPU
		{1BE149D9-E9AE-410A-BA12-E70C53DF244C}.Release|Any CPU.ActiveCfg = Release|Any CPU
		{1BE149D9-E9AE-410A-BA12-E70C53DF244C}.Release|Any CPU.Build.0 = Release|Any CPU
		{37CEFDF9-F577-4BE3-877C-FB7FB85F8B95}.Debug|Any CPU.ActiveCfg = Debug|Any CPU
		{37CEFDF9-F577-4BE3-877C-FB7FB85F8B95}.Debug|Any CPU.Build.0 = Debug|Any CPU
		{37CEFDF9-F577-4BE3-877C-FB7FB85F8B95}.Release|Any CPU.ActiveCfg = Release|Any CPU
		{37CEFDF9-F577-4BE3-877C-FB7FB85F8B95}.Release|Any CPU.Build.0 = Release|Any CPU
		{73AA8575-ADDA-4FFC-87A2-D75384AE89CD}.Debug|Any CPU.ActiveCfg = Debug|Any CPU
		{73AA8575-ADDA-4FFC-87A2-D75384AE89CD}.Debug|Any CPU.Build.0 = Debug|Any CPU
		{73AA8575-ADDA-4FFC-87A2-D75384AE89CD}.Release|Any CPU.ActiveCfg = Release|Any CPU
		{73AA8575-ADDA-4FFC-87A2-D75384AE89CD}.Release|Any CPU.Build.0 = Release|Any CPU
		{ED118446-CE29-471C-8602-B47665188BC8}.Debug|Any CPU.ActiveCfg = Debug|Any CPU
		{ED118446-CE29-471C-8602-B47665188BC8}.Debug|Any CPU.Build.0 = Debug|Any CPU
		{ED118446-CE29-471C-8602-B47665188BC8}.Release|Any CPU.ActiveCfg = Release|Any CPU
		{ED118446-CE29-471C-8602-B47665188BC8}.Release|Any CPU.Build.0 = Release|Any CPU
		{98111882-D790-4897-A054-1E6775C93BCF}.Debug|Any CPU.ActiveCfg = Debug|Any CPU
		{98111882-D790-4897-A054-1E6775C93BCF}.Debug|Any CPU.Build.0 = Debug|Any CPU
		{98111882-D790-4897-A054-1E6775C93BCF}.Release|Any CPU.ActiveCfg = Release|Any CPU
		{98111882-D790-4897-A054-1E6775C93BCF}.Release|Any CPU.Build.0 = Release|Any CPU
		{3D41AA63-3706-4553-9E5A-A91D3A6098B8}.Debug|Any CPU.ActiveCfg = Debug|Any CPU
		{3D41AA63-3706-4553-9E5A-A91D3A6098B8}.Debug|Any CPU.Build.0 = Debug|Any CPU
		{3D41AA63-3706-4553-9E5A-A91D3A6098B8}.Release|Any CPU.ActiveCfg = Release|Any CPU
		{3D41AA63-3706-4553-9E5A-A91D3A6098B8}.Release|Any CPU.Build.0 = Release|Any CPU
		{4AF781A5-E06E-49CF-ACF1-E1A7D26DC3DC}.Debug|Any CPU.ActiveCfg = Debug|Any CPU
		{4AF781A5-E06E-49CF-ACF1-E1A7D26DC3DC}.Debug|Any CPU.Build.0 = Debug|Any CPU
		{4AF781A5-E06E-49CF-ACF1-E1A7D26DC3DC}.Release|Any CPU.ActiveCfg = Release|Any CPU
		{4AF781A5-E06E-49CF-ACF1-E1A7D26DC3DC}.Release|Any CPU.Build.0 = Release|Any CPU
		{2E49C2B9-C48F-4F53-8A9C-6BD1C1D1A3BC}.Debug|Any CPU.ActiveCfg = Debug|Any CPU
		{2E49C2B9-C48F-4F53-8A9C-6BD1C1D1A3BC}.Debug|Any CPU.Build.0 = Debug|Any CPU
		{2E49C2B9-C48F-4F53-8A9C-6BD1C1D1A3BC}.Release|Any CPU.ActiveCfg = Release|Any CPU
		{2E49C2B9-C48F-4F53-8A9C-6BD1C1D1A3BC}.Release|Any CPU.Build.0 = Release|Any CPU
		{9DA8E50C-57DC-4550-8045-249493988212}.Debug|Any CPU.ActiveCfg = Debug|Any CPU
		{9DA8E50C-57DC-4550-8045-249493988212}.Debug|Any CPU.Build.0 = Debug|Any CPU
		{9DA8E50C-57DC-4550-8045-249493988212}.Release|Any CPU.ActiveCfg = Release|Any CPU
		{9DA8E50C-57DC-4550-8045-249493988212}.Release|Any CPU.Build.0 = Release|Any CPU
		{4F4401C4-4B06-4350-B2B4-D5C57C83A044}.Debug|Any CPU.ActiveCfg = Debug|Any CPU
		{4F4401C4-4B06-4350-B2B4-D5C57C83A044}.Debug|Any CPU.Build.0 = Debug|Any CPU
		{4F4401C4-4B06-4350-B2B4-D5C57C83A044}.Release|Any CPU.ActiveCfg = Release|Any CPU
		{4F4401C4-4B06-4350-B2B4-D5C57C83A044}.Release|Any CPU.Build.0 = Release|Any CPU
		{3927757F-8E63-484A-9BBE-4B45E150ED55}.Debug|Any CPU.ActiveCfg = Debug|Any CPU
		{3927757F-8E63-484A-9BBE-4B45E150ED55}.Debug|Any CPU.Build.0 = Debug|Any CPU
		{3927757F-8E63-484A-9BBE-4B45E150ED55}.Release|Any CPU.ActiveCfg = Release|Any CPU
		{3927757F-8E63-484A-9BBE-4B45E150ED55}.Release|Any CPU.Build.0 = Release|Any CPU
		{3FCDB4BC-6B8E-4DB5-B358-D1302024A559}.Debug|Any CPU.ActiveCfg = Debug|Any CPU
		{3FCDB4BC-6B8E-4DB5-B358-D1302024A559}.Debug|Any CPU.Build.0 = Debug|Any CPU
		{3FCDB4BC-6B8E-4DB5-B358-D1302024A559}.Release|Any CPU.ActiveCfg = Release|Any CPU
		{3FCDB4BC-6B8E-4DB5-B358-D1302024A559}.Release|Any CPU.Build.0 = Release|Any CPU
		{11B5B27F-D314-4CD9-B550-2BE25C13AA78}.Debug|Any CPU.ActiveCfg = Debug|Any CPU
		{11B5B27F-D314-4CD9-B550-2BE25C13AA78}.Debug|Any CPU.Build.0 = Debug|Any CPU
		{11B5B27F-D314-4CD9-B550-2BE25C13AA78}.Release|Any CPU.ActiveCfg = Release|Any CPU
		{11B5B27F-D314-4CD9-B550-2BE25C13AA78}.Release|Any CPU.Build.0 = Release|Any CPU
	EndGlobalSection
	GlobalSection(SolutionProperties) = preSolution
		HideSolutionNode = FALSE
	EndGlobalSection
	GlobalSection(NestedProjects) = preSolution
		{EE33CC9E-2D3C-45C5-8A4F-8BC0BA29511B} = {F44D59C7-5D03-4E53-8D12-8932EE0EAE61}
		{699622D2-C427-4EEA-86DE-32A6B652C697} = {D763714C-9DC5-450D-AC9D-C11393960748}
		{16663DB9-5667-43C9-ACF3-0A0A369C8A08} = {699622D2-C427-4EEA-86DE-32A6B652C697}
		{3190852C-0428-4415-9A4A-88E5FBB071CC} = {699622D2-C427-4EEA-86DE-32A6B652C697}
		{8FAAD846-0583-4B57-B1A1-DB32F90D3571} = {699622D2-C427-4EEA-86DE-32A6B652C697}
		{A180E659-40DE-4C9F-B850-0F9B01F69E23} = {699622D2-C427-4EEA-86DE-32A6B652C697}
		{6FC3A6CC-8A5E-41DB-8534-2C8AE2AD9C42} = {D763714C-9DC5-450D-AC9D-C11393960748}
		{C85184D4-AD20-4C3A-B8C0-772DB14F08A3} = {6FC3A6CC-8A5E-41DB-8534-2C8AE2AD9C42}
		{643FF767-1844-4253-85DE-C2C5FACE19B8} = {6FC3A6CC-8A5E-41DB-8534-2C8AE2AD9C42}
		{5943D5A6-96D4-4CE9-A923-64673070CF86} = {6FC3A6CC-8A5E-41DB-8534-2C8AE2AD9C42}
		{444F128D-F313-4C56-A4A4-07383347BC1B} = {D763714C-9DC5-450D-AC9D-C11393960748}
		{90F31CB7-7724-4BD6-BF98-119FD797CDDE} = {D763714C-9DC5-450D-AC9D-C11393960748}
		{69231EB5-9D0D-45DC-8C5E-9BA0B6F8AE9D} = {90F31CB7-7724-4BD6-BF98-119FD797CDDE}
		{1BE149D9-E9AE-410A-BA12-E70C53DF244C} = {90F31CB7-7724-4BD6-BF98-119FD797CDDE}
		{37CEFDF9-F577-4BE3-877C-FB7FB85F8B95} = {90F31CB7-7724-4BD6-BF98-119FD797CDDE}
		{73AA8575-ADDA-4FFC-87A2-D75384AE89CD} = {90F31CB7-7724-4BD6-BF98-119FD797CDDE}
		{ED118446-CE29-471C-8602-B47665188BC8} = {444F128D-F313-4C56-A4A4-07383347BC1B}
		{98111882-D790-4897-A054-1E6775C93BCF} = {444F128D-F313-4C56-A4A4-07383347BC1B}
		{3D41AA63-3706-4553-9E5A-A91D3A6098B8} = {444F128D-F313-4C56-A4A4-07383347BC1B}
		{4AF781A5-E06E-49CF-ACF1-E1A7D26DC3DC} = {444F128D-F313-4C56-A4A4-07383347BC1B}
		{2E49C2B9-C48F-4F53-8A9C-6BD1C1D1A3BC} = {2842A945-3A5C-4694-ABE1-ECB4D4418B4F}
		{9DA8E50C-57DC-4550-8045-249493988212} = {ECC3E6A4-4F03-42ED-95FF-A06716D02BF8}
		{4F4401C4-4B06-4350-B2B4-D5C57C83A044} = {ECC3E6A4-4F03-42ED-95FF-A06716D02BF8}
		{3927757F-8E63-484A-9BBE-4B45E150ED55} = {6FC3A6CC-8A5E-41DB-8534-2C8AE2AD9C42}
		{3FCDB4BC-6B8E-4DB5-B358-D1302024A559} = {6FC3A6CC-8A5E-41DB-8534-2C8AE2AD9C42}
		{11B5B27F-D314-4CD9-B550-2BE25C13AA78} = {6FC3A6CC-8A5E-41DB-8534-2C8AE2AD9C42}
	EndGlobalSection
EndGlobal
