
Microsoft Visual Studio Solution File, Format Version 12.00
# Visual Studio 15
VisualStudioVersion = 15.0.27428.1
MinimumVisualStudioVersion = 10.0.40219.1
Project("{9A19103F-16F7-4668-BE54-9A1E7A4F7556}") = "Cargo4u.Api", "Cargo4u\Cargo4u.Api\Cargo4u.Api.csproj", "{70C4B486-9623-4B65-82F3-C520C1633364}"
EndProject
Project("{2150E333-8FDC-42A3-9474-1A3956D46DE8}") = "Core", "Core", "{4051CBC6-722B-4E5E-B6EF-D98FCF44A20F}"
EndProject
Project("{2150E333-8FDC-42A3-9474-1A3956D46DE8}") = "Interaction", "Interaction", "{49FF0C96-3E21-4E42-9543-DD159626DA3A}"
EndProject
Project("{9A19103F-16F7-4668-BE54-9A1E7A4F7556}") = "Cargo4u.Identity", "Cargo4u\Cargo4u.Identity\Cargo4u.Identity.csproj", "{54F07D68-482F-4F9B-BB22-9FA5BE6B3B73}"
EndProject
Project("{FAE04EC0-301F-11D3-BF4B-00C04F79EFBC}") = "Cargo4u.WebSockets", "Cargo4u\Cargo4u.WebSockets\Cargo4u.WebSockets.csproj", "{80B13B35-A7DD-4395-AD54-CE92584B79AE}"
EndProject
Global
	GlobalSection(SolutionConfigurationPlatforms) = preSolution
		Debug|Any CPU = Debug|Any CPU
		Release|Any CPU = Release|Any CPU
	EndGlobalSection
	GlobalSection(ProjectConfigurationPlatforms) = postSolution
		{70C4B486-9623-4B65-82F3-C520C1633364}.Debug|Any CPU.ActiveCfg = Debug|Any CPU
		{70C4B486-9623-4B65-82F3-C520C1633364}.Debug|Any CPU.Build.0 = Debug|Any CPU
		{70C4B486-9623-4B65-82F3-C520C1633364}.Release|Any CPU.ActiveCfg = Release|Any CPU
		{70C4B486-9623-4B65-82F3-C520C1633364}.Release|Any CPU.Build.0 = Release|Any CPU
		{54F07D68-482F-4F9B-BB22-9FA5BE6B3B73}.Debug|Any CPU.ActiveCfg = Debug|Any CPU
		{54F07D68-482F-4F9B-BB22-9FA5BE6B3B73}.Debug|Any CPU.Build.0 = Debug|Any CPU
		{54F07D68-482F-4F9B-BB22-9FA5BE6B3B73}.Release|Any CPU.ActiveCfg = Release|Any CPU
		{54F07D68-482F-4F9B-BB22-9FA5BE6B3B73}.Release|Any CPU.Build.0 = Release|Any CPU
		{80B13B35-A7DD-4395-AD54-CE92584B79AE}.Debug|Any CPU.ActiveCfg = Debug|Any CPU
		{80B13B35-A7DD-4395-AD54-CE92584B79AE}.Debug|Any CPU.Build.0 = Debug|Any CPU
		{80B13B35-A7DD-4395-AD54-CE92584B79AE}.Release|Any CPU.ActiveCfg = Release|Any CPU
		{80B13B35-A7DD-4395-AD54-CE92584B79AE}.Release|Any CPU.Build.0 = Release|Any CPU
	EndGlobalSection
	GlobalSection(SolutionProperties) = preSolution
		HideSolutionNode = FALSE
	EndGlobalSection
	GlobalSection(NestedProjects) = preSolution
		{54F07D68-482F-4F9B-BB22-9FA5BE6B3B73} = {49FF0C96-3E21-4E42-9543-DD159626DA3A}
		{80B13B35-A7DD-4395-AD54-CE92584B79AE} = {49FF0C96-3E21-4E42-9543-DD159626DA3A}
	EndGlobalSection
	GlobalSection(ExtensibilityGlobals) = postSolution
		SolutionGuid = {5A18DC31-BE26-466B-9B7B-61DEDC84CAA7}
	EndGlobalSection
EndGlobal
